
Microsoft Visual Studio Solution File, Format Version 12.00
# Visual Studio Version 16
VisualStudioVersion = 16.0.29709.97
MinimumVisualStudioVersion = 10.0.40219.1
Project("{FAE04EC0-301F-11D3-BF4B-00C04F79EFBC}") = "Minesweeper.API", "Minesweeper.API\Minesweeper.API.csproj", "{9E780B49-5E04-4242-B8C6-DF1CBE425A27}"
EndProject
Project("{FAE04EC0-301F-11D3-BF4B-00C04F79EFBC}") = "Minesweeper.Shared", "Minesweeper.Shared\Minesweeper.Shared.csproj", "{5B27E421-41CC-43B8-A852-FD2A0036E033}"
EndProject
Global
	GlobalSection(SolutionConfigurationPlatforms) = preSolution
		Debug|Any CPU = Debug|Any CPU
		Release|Any CPU = Release|Any CPU
	EndGlobalSection
	GlobalSection(ProjectConfigurationPlatforms) = postSolution
		{9E780B49-5E04-4242-B8C6-DF1CBE425A27}.Debug|Any CPU.ActiveCfg = Debug|Any CPU
		{9E780B49-5E04-4242-B8C6-DF1CBE425A27}.Debug|Any CPU.Build.0 = Debug|Any CPU
		{9E780B49-5E04-4242-B8C6-DF1CBE425A27}.Release|Any CPU.ActiveCfg = Release|Any CPU
		{9E780B49-5E04-4242-B8C6-DF1CBE425A27}.Release|Any CPU.Build.0 = Release|Any CPU
		{5B27E421-41CC-43B8-A852-FD2A0036E033}.Debug|Any CPU.ActiveCfg = Debug|Any CPU
		{5B27E421-41CC-43B8-A852-FD2A0036E033}.Debug|Any CPU.Build.0 = Debug|Any CPU
		{5B27E421-41CC-43B8-A852-FD2A0036E033}.Release|Any CPU.ActiveCfg = Release|Any CPU
		{5B27E421-41CC-43B8-A852-FD2A0036E033}.Release|Any CPU.Build.0 = Release|Any CPU
	EndGlobalSection
	GlobalSection(SolutionProperties) = preSolution
		HideSolutionNode = FALSE
	EndGlobalSection
	GlobalSection(ExtensibilityGlobals) = postSolution
		SolutionGuid = {3CE581B4-EDBC-40B6-B623-1F26194DE5BF}
	EndGlobalSection
EndGlobal
